
Microsoft Visual Studio Solution File, Format Version 12.00
# Visual Studio Version 16
VisualStudioVersion = 16.0.29411.108
MinimumVisualStudioVersion = 10.0.40219.1
Project("{FAE04EC0-301F-11D3-BF4B-00C04F79EFBC}") = "Es04-Multiform text-box", "Es04-Multiform text-box\Es04-Multiform text-box.csproj", "{FEEC22BA-B523-4E63-BE73-93999DEACAD1}"
EndProject
Global
	GlobalSection(SolutionConfigurationPlatforms) = preSolution
		Debug|Any CPU = Debug|Any CPU
		Release|Any CPU = Release|Any CPU
	EndGlobalSection
	GlobalSection(ProjectConfigurationPlatforms) = postSolution
		{FEEC22BA-B523-4E63-BE73-93999DEACAD1}.Debug|Any CPU.ActiveCfg = Debug|Any CPU
		{FEEC22BA-B523-4E63-BE73-93999DEACAD1}.Debug|Any CPU.Build.0 = Debug|Any CPU
		{FEEC22BA-B523-4E63-BE73-93999DEACAD1}.Release|Any CPU.ActiveCfg = Release|Any CPU
		{FEEC22BA-B523-4E63-BE73-93999DEACAD1}.Release|Any CPU.Build.0 = Release|Any CPU
	EndGlobalSection
	GlobalSection(SolutionProperties) = preSolution
		HideSolutionNode = FALSE
	EndGlobalSection
	GlobalSection(ExtensibilityGlobals) = postSolution
		SolutionGuid = {9C16527A-A830-4593-838E-70C4389C70FE}
	EndGlobalSection
EndGlobal
