
Microsoft Visual Studio Solution File, Format Version 12.00
# Visual Studio Version 16
VisualStudioVersion = 16.0.29519.181
MinimumVisualStudioVersion = 10.0.40219.1
Project("{FAE04EC0-301F-11D3-BF4B-00C04F79EFBC}") = "Es11-Coda", "Es11-Coda\Es11-Coda.csproj", "{4B3EC930-812E-4323-9A0D-F117B2F30D5F}"
EndProject
Global
	GlobalSection(SolutionConfigurationPlatforms) = preSolution
		Debug|Any CPU = Debug|Any CPU
		Release|Any CPU = Release|Any CPU
	EndGlobalSection
	GlobalSection(ProjectConfigurationPlatforms) = postSolution
		{4B3EC930-812E-4323-9A0D-F117B2F30D5F}.Debug|Any CPU.ActiveCfg = Debug|Any CPU
		{4B3EC930-812E-4323-9A0D-F117B2F30D5F}.Debug|Any CPU.Build.0 = Debug|Any CPU
		{4B3EC930-812E-4323-9A0D-F117B2F30D5F}.Release|Any CPU.ActiveCfg = Release|Any CPU
		{4B3EC930-812E-4323-9A0D-F117B2F30D5F}.Release|Any CPU.Build.0 = Release|Any CPU
	EndGlobalSection
	GlobalSection(SolutionProperties) = preSolution
		HideSolutionNode = FALSE
	EndGlobalSection
	GlobalSection(ExtensibilityGlobals) = postSolution
		SolutionGuid = {F0AD6E96-3BD2-4C6D-83CC-CF698A785C8F}
	EndGlobalSection
EndGlobal
